
Microsoft Visual Studio Solution File, Format Version 12.00
# Visual Studio Version 17
VisualStudioVersion = 17.7.34031.279
MinimumVisualStudioVersion = 10.0.40219.1
Project("{FAE04EC0-301F-11D3-BF4B-00C04F79EFBC}") = "AppMvcNew", "AppMvcNew\AppMvcNew.csproj", "{E39A2473-B570-44CA-8EEB-8FCDB98D3716}"
EndProject
Global
	GlobalSection(SolutionConfigurationPlatforms) = preSolution
		Debug|Any CPU = Debug|Any CPU
		Release|Any CPU = Release|Any CPU
	EndGlobalSection
	GlobalSection(ProjectConfigurationPlatforms) = postSolution
		{E39A2473-B570-44CA-8EEB-8FCDB98D3716}.Debug|Any CPU.ActiveCfg = Debug|Any CPU
		{E39A2473-B570-44CA-8EEB-8FCDB98D3716}.Debug|Any CPU.Build.0 = Debug|Any CPU
		{E39A2473-B570-44CA-8EEB-8FCDB98D3716}.Release|Any CPU.ActiveCfg = Release|Any CPU
		{E39A2473-B570-44CA-8EEB-8FCDB98D3716}.Release|Any CPU.Build.0 = Release|Any CPU
	EndGlobalSection
	GlobalSection(SolutionProperties) = preSolution
		HideSolutionNode = FALSE
	EndGlobalSection
	GlobalSection(ExtensibilityGlobals) = postSolution
		SolutionGuid = {62699810-54A6-4968-B39D-41DFB0CC26C8}
	EndGlobalSection
EndGlobal
